// !$*UTF8*$!
{
	archiveVersion = 1;
	classes = {
	};
	objectVersion = 52;
	objects = {

/* Begin PBXBuildFile section */
		1839F4B025190F2A00BB00F1 /* Cocoabucks.swift in Sources */ = {isa = PBXBuildFile; fileRef = 1839F4AF25190F2A00BB00F1 /* Cocoabucks.swift */; };
		18D775C522AD944300AE281E /* ProductListView.swift in Sources */ = {isa = PBXBuildFile; fileRef = 18D775C422AD944300AE281E /* ProductListView.swift */; };
		18D775C722AD944400AE281E /* Assets.xcassets in Resources */ = {isa = PBXBuildFile; fileRef = 18D775C622AD944400AE281E /* Assets.xcassets */; };
		18D775CA22AD944400AE281E /* Preview Assets.xcassets in Resources */ = {isa = PBXBuildFile; fileRef = 18D775C922AD944400AE281E /* Preview Assets.xcassets */; };
		18D775D822AD963800AE281E /* LaunchScreen.storyboard in Resources */ = {isa = PBXBuildFile; fileRef = 18D775DA22AD963800AE281E /* LaunchScreen.storyboard */; };
		30506BCB25AC082D00640AAB /* FirebaseAnalytics in Frameworks */ = {isa = PBXBuildFile; productRef = 30506BCA25AC082D00640AAB /* FirebaseAnalytics */; };
		EA1BEE0F2584632D00857E3D /* EditButton.swift in Sources */ = {isa = PBXBuildFile; fileRef = EA1BEE0E2584632D00857E3D /* EditButton.swift */; };
		EA36719C2554390A00AFBE24 /* Product.swift in Sources */ = {isa = PBXBuildFile; fileRef = EA36719B2554390A00AFBE24 /* Product.swift */; };
		EA679B0825603FFF00C646D1 /* ProductView.swift in Sources */ = {isa = PBXBuildFile; fileRef = EA679B0725603FFF00C646D1 /* ProductView.swift */; };
		EA984DE5255A35D200A444BD /* CodableBundleExtension.swift in Sources */ = {isa = PBXBuildFile; fileRef = EA984DE4255A35D200A444BD /* CodableBundleExtension.swift */; };
		EA98F7CB25588467008A65AE /* products.json in Resources */ = {isa = PBXBuildFile; fileRef = EA98F7CA25588467008A65AE /* products.json */; };
		EA98F7CF25588F04008A65AE /* CartView.swift in Sources */ = {isa = PBXBuildFile; fileRef = EA98F7CE25588F04008A65AE /* CartView.swift */; };
		EA98F7D525589436008A65AE /* CheckoutView.swift in Sources */ = {isa = PBXBuildFile; fileRef = EA98F7D425589436008A65AE /* CheckoutView.swift */; };
		EAAECC5425582B4800CC1BCD /* ProductDetailView.swift in Sources */ = {isa = PBXBuildFile; fileRef = EAAECC5325582B4800CC1BCD /* ProductDetailView.swift */; };
		EAAECC6625587D0700CC1BCD /* Order.swift in Sources */ = {isa = PBXBuildFile; fileRef = EAAECC6525587D0700CC1BCD /* Order.swift */; };
/* End PBXBuildFile section */

/* Begin PBXFileReference section */
		1839F4AF25190F2A00BB00F1 /* Cocoabucks.swift */ = {isa = PBXFileReference; lastKnownFileType = sourcecode.swift; path = Cocoabucks.swift; sourceTree = "<group>"; };
		18D775BD22AD944300AE281E /* Cocoabucks.app */ = {isa = PBXFileReference; explicitFileType = wrapper.application; includeInIndex = 0; path = Cocoabucks.app; sourceTree = BUILT_PRODUCTS_DIR; };
		18D775C422AD944300AE281E /* ProductListView.swift */ = {isa = PBXFileReference; lastKnownFileType = sourcecode.swift; path = ProductListView.swift; sourceTree = "<group>"; };
		18D775C622AD944400AE281E /* Assets.xcassets */ = {isa = PBXFileReference; lastKnownFileType = folder.assetcatalog; path = Assets.xcassets; sourceTree = "<group>"; };
		18D775C922AD944400AE281E /* Preview Assets.xcassets */ = {isa = PBXFileReference; lastKnownFileType = folder.assetcatalog; path = "Preview Assets.xcassets"; sourceTree = "<group>"; };
		18D775CE22AD944400AE281E /* Info.plist */ = {isa = PBXFileReference; lastKnownFileType = text.plist.xml; path = Info.plist; sourceTree = "<group>"; };
		18D775DE22AD96B400AE281E /* Base */ = {isa = PBXFileReference; lastKnownFileType = file.storyboard; name = Base; path = Base.lproj/LaunchScreen.storyboard; sourceTree = "<group>"; };
		EA1BEE0E2584632D00857E3D /* EditButton.swift */ = {isa = PBXFileReference; lastKnownFileType = sourcecode.swift; path = EditButton.swift; sourceTree = "<group>"; };
		EA36719B2554390A00AFBE24 /* Product.swift */ = {isa = PBXFileReference; lastKnownFileType = sourcecode.swift; path = Product.swift; sourceTree = "<group>"; };
		EA679B0725603FFF00C646D1 /* ProductView.swift */ = {isa = PBXFileReference; lastKnownFileType = sourcecode.swift; path = ProductView.swift; sourceTree = "<group>"; };
		EA984DE4255A35D200A444BD /* CodableBundleExtension.swift */ = {isa = PBXFileReference; fileEncoding = 4; lastKnownFileType = sourcecode.swift; path = CodableBundleExtension.swift; sourceTree = "<group>"; };
		EA98F7CA25588467008A65AE /* products.json */ = {isa = PBXFileReference; fileEncoding = 4; lastKnownFileType = text.json; path = products.json; sourceTree = "<group>"; };
		EA98F7CE25588F04008A65AE /* CartView.swift */ = {isa = PBXFileReference; lastKnownFileType = sourcecode.swift; path = CartView.swift; sourceTree = "<group>"; };
		EA98F7D425589436008A65AE /* CheckoutView.swift */ = {isa = PBXFileReference; lastKnownFileType = sourcecode.swift; path = CheckoutView.swift; sourceTree = "<group>"; };
		EAAECC5325582B4800CC1BCD /* ProductDetailView.swift */ = {isa = PBXFileReference; lastKnownFileType = sourcecode.swift; path = ProductDetailView.swift; sourceTree = "<group>"; };
		EAAECC6525587D0700CC1BCD /* Order.swift */ = {isa = PBXFileReference; lastKnownFileType = sourcecode.swift; path = Order.swift; sourceTree = "<group>"; };
/* End PBXFileReference section */

/* Begin PBXFrameworksBuildPhase section */
		18D775BA22AD944300AE281E /* Frameworks */ = {
			isa = PBXFrameworksBuildPhase;
			buildActionMask = 2147483647;
			files = (
				30506BCB25AC082D00640AAB /* FirebaseAnalytics in Frameworks */,
			);
			runOnlyForDeploymentPostprocessing = 0;
		};
/* End PBXFrameworksBuildPhase section */

/* Begin PBXGroup section */
		18D775B422AD944300AE281E = {
			isa = PBXGroup;
			children = (
				18D775BF22AD944300AE281E /* Cocoabucks */,
				18D775BE22AD944300AE281E /* Products */,
			);
			indentWidth = 2;
			sourceTree = "<group>";
			tabWidth = 2;
		};
		18D775BE22AD944300AE281E /* Products */ = {
			isa = PBXGroup;
			children = (
				18D775BD22AD944300AE281E /* Cocoabucks.app */,
			);
			name = Products;
			sourceTree = "<group>";
		};
		18D775BF22AD944300AE281E /* Cocoabucks */ = {
			isa = PBXGroup;
			children = (
				EA98F7CA25588467008A65AE /* products.json */,
				1839F4AF25190F2A00BB00F1 /* Cocoabucks.swift */,
				EAAECC3D2556E78A00CC1BCD /* Views */,
				EAAECC462556F92600CC1BCD /* Models */,
				EAAECC6825587E8100CC1BCD /* Helpers */,
				18D775C622AD944400AE281E /* Assets.xcassets */,
				18D775DA22AD963800AE281E /* LaunchScreen.storyboard */,
				18D775CE22AD944400AE281E /* Info.plist */,
				18D775C822AD944400AE281E /* Preview Content */,
			);
			path = Cocoabucks;
			sourceTree = "<group>";
		};
		18D775C822AD944400AE281E /* Preview Content */ = {
			isa = PBXGroup;
			children = (
				18D775C922AD944400AE281E /* Preview Assets.xcassets */,
			);
			path = "Preview Content";
			sourceTree = "<group>";
		};
		EAAECC3D2556E78A00CC1BCD /* Views */ = {
			isa = PBXGroup;
			children = (
				18D775C422AD944300AE281E /* ProductListView.swift */,
				EA679B0725603FFF00C646D1 /* ProductView.swift */,
				EAAECC5325582B4800CC1BCD /* ProductDetailView.swift */,
				EA98F7CE25588F04008A65AE /* CartView.swift */,
				EA98F7D425589436008A65AE /* CheckoutView.swift */,
			);
			path = Views;
			sourceTree = "<group>";
		};
		EAAECC462556F92600CC1BCD /* Models */ = {
			isa = PBXGroup;
			children = (
				EA36719B2554390A00AFBE24 /* Product.swift */,
			);
			path = Models;
			sourceTree = "<group>";
		};
		EAAECC6825587E8100CC1BCD /* Helpers */ = {
			isa = PBXGroup;
			children = (
				EAAECC6525587D0700CC1BCD /* Order.swift */,
				EA1BEE0E2584632D00857E3D /* EditButton.swift */,
				EA984DE4255A35D200A444BD /* CodableBundleExtension.swift */,
			);
			path = Helpers;
			sourceTree = "<group>";
		};
/* End PBXGroup section */

/* Begin PBXNativeTarget section */
		18D775BC22AD944300AE281E /* Cocoabucks */ = {
			isa = PBXNativeTarget;
			buildConfigurationList = 18D775D122AD944400AE281E /* Build configuration list for PBXNativeTarget "Cocoabucks" */;
			buildPhases = (
				181FE31D248EA6C900A180EA /* SwiftLint */,
				18D775B922AD944300AE281E /* Sources */,
				18D775BA22AD944300AE281E /* Frameworks */,
				18D775BB22AD944300AE281E /* Resources */,
			);
			buildRules = (
			);
			dependencies = (
			);
			name = Cocoabucks;
			packageProductDependencies = (
				30506BCA25AC082D00640AAB /* FirebaseAnalytics */,
			);
			productName = Cocoabucks;
			productReference = 18D775BD22AD944300AE281E /* Cocoabucks.app */;
			productType = "com.apple.product-type.application";
		};
/* End PBXNativeTarget section */

/* Begin PBXProject section */
		18D775B522AD944300AE281E /* Project object */ = {
			isa = PBXProject;
			attributes = {
				LastSwiftUpdateCheck = 1100;
				LastUpgradeCheck = 1200;
				ORGANIZATIONNAME = "Ray Wenderlich";
				TargetAttributes = {
					18D775BC22AD944300AE281E = {
						CreatedOnToolsVersion = 11.0;
					};
				};
			};
			buildConfigurationList = 18D775B822AD944300AE281E /* Build configuration list for PBXProject "Cocoabucks" */;
			compatibilityVersion = "Xcode 11.0";
			developmentRegion = en;
			hasScannedForEncodings = 0;
			knownRegions = (
				en,
				Base,
			);
			mainGroup = 18D775B422AD944300AE281E;
			packageReferences = (
				30506BC925AC082D00640AAB /* XCRemoteSwiftPackageReference "firebase-ios-sdk" */,
			);
			productRefGroup = 18D775BE22AD944300AE281E /* Products */;
			projectDirPath = "";
			projectRoot = "";
			targets = (
				18D775BC22AD944300AE281E /* Cocoabucks */,
			);
		};
/* End PBXProject section */

/* Begin PBXResourcesBuildPhase section */
		18D775BB22AD944300AE281E /* Resources */ = {
			isa = PBXResourcesBuildPhase;
			buildActionMask = 2147483647;
			files = (
				18D775D822AD963800AE281E /* LaunchScreen.storyboard in Resources */,
				18D775CA22AD944400AE281E /* Preview Assets.xcassets in Resources */,
				EA98F7CB25588467008A65AE /* products.json in Resources */,
				18D775C722AD944400AE281E /* Assets.xcassets in Resources */,
			);
			runOnlyForDeploymentPostprocessing = 0;
		};
/* End PBXResourcesBuildPhase section */

/* Begin PBXShellScriptBuildPhase section */
		181FE31D248EA6C900A180EA /* SwiftLint */ = {
			isa = PBXShellScriptBuildPhase;
			buildActionMask = 2147483647;
			files = (
			);
			inputFileListPaths = (
			);
			inputPaths = (
			);
			name = SwiftLint;
			outputFileListPaths = (
			);
			outputPaths = (
			);
			runOnlyForDeploymentPostprocessing = 0;
			shellPath = /bin/sh;
			shellScript = "if [ -f ~/com.raywenderlich.swiftlint.yml ]; then\n  if which swiftlint >/dev/null; then\n    swiftlint --no-cache --config ~/com.raywenderlich.swiftlint.yml\n  fi\nfi\n";
		};
/* End PBXShellScriptBuildPhase section */

/* Begin PBXSourcesBuildPhase section */
		18D775B922AD944300AE281E /* Sources */ = {
			isa = PBXSourcesBuildPhase;
			buildActionMask = 2147483647;
			files = (
				EA984DE5255A35D200A444BD /* CodableBundleExtension.swift in Sources */,
				EA1BEE0F2584632D00857E3D /* EditButton.swift in Sources */,
				EA679B0825603FFF00C646D1 /* ProductView.swift in Sources */,
				EA98F7CF25588F04008A65AE /* CartView.swift in Sources */,
				EA98F7D525589436008A65AE /* CheckoutView.swift in Sources */,
				EAAECC5425582B4800CC1BCD /* ProductDetailView.swift in Sources */,
				18D775C522AD944300AE281E /* ProductListView.swift in Sources */,
				EAAECC6625587D0700CC1BCD /* Order.swift in Sources */,
				EA36719C2554390A00AFBE24 /* Product.swift in Sources */,
				1839F4B025190F2A00BB00F1 /* Cocoabucks.swift in Sources */,
			);
			runOnlyForDeploymentPostprocessing = 0;
		};
/* End PBXSourcesBuildPhase section */

/* Begin PBXVariantGroup section */
		18D775DA22AD963800AE281E /* LaunchScreen.storyboard */ = {
			isa = PBXVariantGroup;
			children = (
				18D775DE22AD96B400AE281E /* Base */,
			);
			name = LaunchScreen.storyboard;
			sourceTree = "<group>";
		};
/* End PBXVariantGroup section */

/* Begin XCBuildConfiguration section */
		18D775CF22AD944400AE281E /* Debug */ = {
			isa = XCBuildConfiguration;
			buildSettings = {
				ALWAYS_SEARCH_USER_PATHS = NO;
				CLANG_ANALYZER_NONNULL = YES;
				CLANG_ANALYZER_NUMBER_OBJECT_CONVERSION = YES_AGGRESSIVE;
				CLANG_CXX_LANGUAGE_STANDARD = "gnu++14";
				CLANG_CXX_LIBRARY = "libc++";
				CLANG_ENABLE_MODULES = YES;
				CLANG_ENABLE_OBJC_ARC = YES;
				CLANG_ENABLE_OBJC_WEAK = YES;
				CLANG_WARN_BLOCK_CAPTURE_AUTORELEASING = YES;
				CLANG_WARN_BOOL_CONVERSION = YES;
				CLANG_WARN_COMMA = YES;
				CLANG_WARN_CONSTANT_CONVERSION = YES;
				CLANG_WARN_DEPRECATED_OBJC_IMPLEMENTATIONS = YES;
				CLANG_WARN_DIRECT_OBJC_ISA_USAGE = YES_ERROR;
				CLANG_WARN_DOCUMENTATION_COMMENTS = YES;
				CLANG_WARN_EMPTY_BODY = YES;
				CLANG_WARN_ENUM_CONVERSION = YES;
				CLANG_WARN_INFINITE_RECURSION = YES;
				CLANG_WARN_INT_CONVERSION = YES;
				CLANG_WARN_NON_LITERAL_NULL_CONVERSION = YES;
				CLANG_WARN_OBJC_IMPLICIT_RETAIN_SELF = YES;
				CLANG_WARN_OBJC_LITERAL_CONVERSION = YES;
				CLANG_WARN_OBJC_ROOT_CLASS = YES_ERROR;
				CLANG_WARN_QUOTED_INCLUDE_IN_FRAMEWORK_HEADER = YES;
				CLANG_WARN_RANGE_LOOP_ANALYSIS = YES;
				CLANG_WARN_STRICT_PROTOTYPES = YES;
				CLANG_WARN_SUSPICIOUS_MOVE = YES;
				CLANG_WARN_UNGUARDED_AVAILABILITY = YES_AGGRESSIVE;
				CLANG_WARN_UNREACHABLE_CODE = YES;
				CLANG_WARN__DUPLICATE_METHOD_MATCH = YES;
				COPY_PHASE_STRIP = NO;
				DEBUG_INFORMATION_FORMAT = dwarf;
				ENABLE_STRICT_OBJC_MSGSEND = YES;
				ENABLE_TESTABILITY = YES;
				GCC_C_LANGUAGE_STANDARD = gnu11;
				GCC_DYNAMIC_NO_PIC = NO;
				GCC_NO_COMMON_BLOCKS = YES;
				GCC_OPTIMIZATION_LEVEL = 0;
				GCC_PREPROCESSOR_DEFINITIONS = (
					"DEBUG=1",
					"$(inherited)",
				);
				GCC_WARN_64_TO_32_BIT_CONVERSION = YES;
				GCC_WARN_ABOUT_RETURN_TYPE = YES_ERROR;
				GCC_WARN_UNDECLARED_SELECTOR = YES;
				GCC_WARN_UNINITIALIZED_AUTOS = YES_AGGRESSIVE;
				GCC_WARN_UNUSED_FUNCTION = YES;
				GCC_WARN_UNUSED_VARIABLE = YES;
				IPHONEOS_DEPLOYMENT_TARGET = 14.0;
				MTL_ENABLE_DEBUG_INFO = INCLUDE_SOURCE;
				MTL_FAST_MATH = YES;
				ONLY_ACTIVE_ARCH = YES;
				OTHER_LDFLAGS = "-ObjC";
				SDKROOT = iphoneos;
				SWIFT_ACTIVE_COMPILATION_CONDITIONS = DEBUG;
				SWIFT_OPTIMIZATION_LEVEL = "-Onone";
			};
			name = Debug;
		};
		18D775D022AD944400AE281E /* Release */ = {
			isa = XCBuildConfiguration;
			buildSettings = {
				ALWAYS_SEARCH_USER_PATHS = NO;
				CLANG_ANALYZER_NONNULL = YES;
				CLANG_ANALYZER_NUMBER_OBJECT_CONVERSION = YES_AGGRESSIVE;
				CLANG_CXX_LANGUAGE_STANDARD = "gnu++14";
				CLANG_CXX_LIBRARY = "libc++";
				CLANG_ENABLE_MODULES = YES;
				CLANG_ENABLE_OBJC_ARC = YES;
				CLANG_ENABLE_OBJC_WEAK = YES;
				CLANG_WARN_BLOCK_CAPTURE_AUTORELEASING = YES;
				CLANG_WARN_BOOL_CONVERSION = YES;
				CLANG_WARN_COMMA = YES;
				CLANG_WARN_CONSTANT_CONVERSION = YES;
				CLANG_WARN_DEPRECATED_OBJC_IMPLEMENTATIONS = YES;
				CLANG_WARN_DIRECT_OBJC_ISA_USAGE = YES_ERROR;
				CLANG_WARN_DOCUMENTATION_COMMENTS = YES;
				CLANG_WARN_EMPTY_BODY = YES;
				CLANG_WARN_ENUM_CONVERSION = YES;
				CLANG_WARN_INFINITE_RECURSION = YES;
				CLANG_WARN_INT_CONVERSION = YES;
				CLANG_WARN_NON_LITERAL_NULL_CONVERSION = YES;
				CLANG_WARN_OBJC_IMPLICIT_RETAIN_SELF = YES;
				CLANG_WARN_OBJC_LITERAL_CONVERSION = YES;
				CLANG_WARN_OBJC_ROOT_CLASS = YES_ERROR;
				CLANG_WARN_QUOTED_INCLUDE_IN_FRAMEWORK_HEADER = YES;
				CLANG_WARN_RANGE_LOOP_ANALYSIS = YES;
				CLANG_WARN_STRICT_PROTOTYPES = YES;
				CLANG_WARN_SUSPICIOUS_MOVE = YES;
				CLANG_WARN_UNGUARDED_AVAILABILITY = YES_AGGRESSIVE;
				CLANG_WARN_UNREACHABLE_CODE = YES;
				CLANG_WARN__DUPLICATE_METHOD_MATCH = YES;
				COPY_PHASE_STRIP = NO;
				DEBUG_INFORMATION_FORMAT = "dwarf-with-dsym";
				ENABLE_NS_ASSERTIONS = NO;
				ENABLE_STRICT_OBJC_MSGSEND = YES;
				GCC_C_LANGUAGE_STANDARD = gnu11;
				GCC_NO_COMMON_BLOCKS = YES;
				GCC_WARN_64_TO_32_BIT_CONVERSION = YES;
				GCC_WARN_ABOUT_RETURN_TYPE = YES_ERROR;
				GCC_WARN_UNDECLARED_SELECTOR = YES;
				GCC_WARN_UNINITIALIZED_AUTOS = YES_AGGRESSIVE;
				GCC_WARN_UNUSED_FUNCTION = YES;
				GCC_WARN_UNUSED_VARIABLE = YES;
				IPHONEOS_DEPLOYMENT_TARGET = 14.0;
				MTL_ENABLE_DEBUG_INFO = NO;
				MTL_FAST_MATH = YES;
				OTHER_LDFLAGS = "-ObjC";
				SDKROOT = iphoneos;
				SWIFT_COMPILATION_MODE = wholemodule;
				SWIFT_OPTIMIZATION_LEVEL = "-O";
				VALIDATE_PRODUCT = YES;
			};
			name = Release;
		};
		18D775D222AD944400AE281E /* Debug */ = {
			isa = XCBuildConfiguration;
			buildSettings = {
				ASSETCATALOG_COMPILER_APPICON_NAME = AppIcon;
				CODE_SIGN_ENTITLEMENTS = "";
				CODE_SIGN_IDENTITY = "Apple Development";
				CODE_SIGN_STYLE = Automatic;
				DEVELOPMENT_ASSET_PATHS = "Cocoabucks/Preview\\ Content";
				DEVELOPMENT_TEAM = 32VN4233MD;
				ENABLE_PREVIEWS = YES;
				INFOPLIST_FILE = Cocoabucks/Info.plist;
				LD_RUNPATH_SEARCH_PATHS = (
					"$(inherited)",
					"@executable_path/Frameworks",
				);
				OTHER_LDFLAGS = "-ObjC";
				PRODUCT_BUNDLE_IDENTIFIER = com.n1ft.cocoabucks;
				PRODUCT_NAME = "$(TARGET_NAME)";
				PROVISIONING_PROFILE_SPECIFIER = "";
				SWIFT_VERSION = 5.0;
				TARGETED_DEVICE_FAMILY = "1,2";
			};
			name = Debug;
		};
		18D775D322AD944400AE281E /* Release */ = {
			isa = XCBuildConfiguration;
			buildSettings = {
				ASSETCATALOG_COMPILER_APPICON_NAME = AppIcon;
				CODE_SIGN_ENTITLEMENTS = "";
				CODE_SIGN_IDENTITY = "Apple Development";
				CODE_SIGN_STYLE = Automatic;
				DEVELOPMENT_ASSET_PATHS = "Cocoabucks/Preview\\ Content";
				DEVELOPMENT_TEAM = 32VN4233MD;
				ENABLE_PREVIEWS = YES;
				INFOPLIST_FILE = Cocoabucks/Info.plist;
				LD_RUNPATH_SEARCH_PATHS = (
					"$(inherited)",
					"@executable_path/Frameworks",
				);
				OTHER_LDFLAGS = "-ObjC";
				PRODUCT_BUNDLE_IDENTIFIER = com.n1ft.cocoabucks;
				PRODUCT_NAME = "$(TARGET_NAME)";
				PROVISIONING_PROFILE_SPECIFIER = "";
				SWIFT_VERSION = 5.0;
				TARGETED_DEVICE_FAMILY = "1,2";
			};
			name = Release;
		};
/* End XCBuildConfiguration section */

/* Begin XCConfigurationList section */
		18D775B822AD944300AE281E /* Build configuration list for PBXProject "Cocoabucks" */ = {
			isa = XCConfigurationList;
			buildConfigurations = (
				18D775CF22AD944400AE281E /* Debug */,
				18D775D022AD944400AE281E /* Release */,
			);
			defaultConfigurationIsVisible = 0;
			defaultConfigurationName = Release;
		};
		18D775D122AD944400AE281E /* Build configuration list for PBXNativeTarget "Cocoabucks" */ = {
			isa = XCConfigurationList;
			buildConfigurations = (
				18D775D222AD944400AE281E /* Debug */,
				18D775D322AD944400AE281E /* Release */,
			);
			defaultConfigurationIsVisible = 0;
			defaultConfigurationName = Release;
		};
/* End XCConfigurationList section */

/* Begin XCRemoteSwiftPackageReference section */
		30506BC925AC082D00640AAB /* XCRemoteSwiftPackageReference "firebase-ios-sdk" */ = {
			isa = XCRemoteSwiftPackageReference;
			repositoryURL = "https://github.com/firebase/firebase-ios-sdk";
			requirement = {
				kind = upToNextMajorVersion;
				minimumVersion = 7.3.1;
			};
		};
/* End XCRemoteSwiftPackageReference section */

/* Begin XCSwiftPackageProductDependency section */
		30506BCA25AC082D00640AAB /* FirebaseAnalytics */ = {
			isa = XCSwiftPackageProductDependency;
			package = 30506BC925AC082D00640AAB /* XCRemoteSwiftPackageReference "firebase-ios-sdk" */;
			productName = FirebaseAnalytics;
		};
/* End XCSwiftPackageProductDependency section */
	};
	rootObject = 18D775B522AD944300AE281E /* Project object */;
}
